// !$*UTF8*$!
{
	archiveVersion = 1;
	classes = {
	};
	objectVersion = 56;
	objects = {

/* Begin PBXBuildFile section */
		56085B8728EB0BF800BFE6AB /* CodeTrimmerTests.swift in Sources */ = {isa = PBXBuildFile; fileRef = 56085B8628EB0BF800BFE6AB /* CodeTrimmerTests.swift */; };
		563BB6DF28EA892700101AD2 /* CodeTrimmerApp.swift in Sources */ = {isa = PBXBuildFile; fileRef = 563BB6DE28EA892700101AD2 /* CodeTrimmerApp.swift */; };
		563BB6E128EA892700101AD2 /* ContentView.swift in Sources */ = {isa = PBXBuildFile; fileRef = 563BB6E028EA892700101AD2 /* ContentView.swift */; };
		563BB6E328EA892800101AD2 /* Assets.xcassets in Resources */ = {isa = PBXBuildFile; fileRef = 563BB6E228EA892800101AD2 /* Assets.xcassets */; };
		563BB6E628EA892800101AD2 /* Preview Assets.xcassets in Resources */ = {isa = PBXBuildFile; fileRef = 563BB6E528EA892800101AD2 /* Preview Assets.xcassets */; };
		56897D5028EAA785007994E2 /* Credits.rtf in Resources */ = {isa = PBXBuildFile; fileRef = 56897D4F28EAA785007994E2 /* Credits.rtf */; };
/* End PBXBuildFile section */

/* Begin PBXContainerItemProxy section */
		56085B8828EB0BF800BFE6AB /* PBXContainerItemProxy */ = {
			isa = PBXContainerItemProxy;
			containerPortal = 563BB6D328EA892700101AD2 /* Project object */;
			proxyType = 1;
			remoteGlobalIDString = 563BB6DA28EA892700101AD2;
			remoteInfo = CodeTrimmer;
		};
/* End PBXContainerItemProxy section */

/* Begin PBXFileReference section */
		56085B8428EB0BF800BFE6AB /* CodeTrimmerTests.xctest */ = {isa = PBXFileReference; explicitFileType = wrapper.cfbundle; includeInIndex = 0; path = CodeTrimmerTests.xctest; sourceTree = BUILT_PRODUCTS_DIR; };
		56085B8628EB0BF800BFE6AB /* CodeTrimmerTests.swift */ = {isa = PBXFileReference; lastKnownFileType = sourcecode.swift; path = CodeTrimmerTests.swift; sourceTree = "<group>"; };
		563BB6DB28EA892700101AD2 /* CodeTrimmer.app */ = {isa = PBXFileReference; explicitFileType = wrapper.application; includeInIndex = 0; path = CodeTrimmer.app; sourceTree = BUILT_PRODUCTS_DIR; };
		563BB6DE28EA892700101AD2 /* CodeTrimmerApp.swift */ = {isa = PBXFileReference; lastKnownFileType = sourcecode.swift; path = CodeTrimmerApp.swift; sourceTree = "<group>"; };
		563BB6E028EA892700101AD2 /* ContentView.swift */ = {isa = PBXFileReference; lastKnownFileType = sourcecode.swift; path = ContentView.swift; sourceTree = "<group>"; };
		563BB6E228EA892800101AD2 /* Assets.xcassets */ = {isa = PBXFileReference; lastKnownFileType = folder.assetcatalog; path = Assets.xcassets; sourceTree = "<group>"; };
		563BB6E528EA892800101AD2 /* Preview Assets.xcassets */ = {isa = PBXFileReference; lastKnownFileType = folder.assetcatalog; path = "Preview Assets.xcassets"; sourceTree = "<group>"; };
		563BB6E728EA892800101AD2 /* CodeTrimmer.entitlements */ = {isa = PBXFileReference; lastKnownFileType = text.plist.entitlements; path = CodeTrimmer.entitlements; sourceTree = "<group>"; };
		56897D4F28EAA785007994E2 /* Credits.rtf */ = {isa = PBXFileReference; fileEncoding = 4; lastKnownFileType = text.rtf; path = Credits.rtf; sourceTree = "<group>"; };
/* End PBXFileReference section */

/* Begin PBXFrameworksBuildPhase section */
		56085B8128EB0BF800BFE6AB /* Frameworks */ = {
			isa = PBXFrameworksBuildPhase;
			buildActionMask = 2147483647;
			files = (
			);
			runOnlyForDeploymentPostprocessing = 0;
		};
		563BB6D828EA892700101AD2 /* Frameworks */ = {
			isa = PBXFrameworksBuildPhase;
			buildActionMask = 2147483647;
			files = (
			);
			runOnlyForDeploymentPostprocessing = 0;
		};
/* End PBXFrameworksBuildPhase section */

/* Begin PBXGroup section */
		56085B8528EB0BF800BFE6AB /* CodeTrimmerTests */ = {
			isa = PBXGroup;
			children = (
				56085B8628EB0BF800BFE6AB /* CodeTrimmerTests.swift */,
			);
			path = CodeTrimmerTests;
			sourceTree = "<group>";
		};
		563BB6D228EA892700101AD2 = {
			isa = PBXGroup;
			children = (
				563BB6DD28EA892700101AD2 /* CodeTrimmer */,
				56085B8528EB0BF800BFE6AB /* CodeTrimmerTests */,
				563BB6DC28EA892700101AD2 /* Products */,
			);
			sourceTree = "<group>";
		};
		563BB6DC28EA892700101AD2 /* Products */ = {
			isa = PBXGroup;
			children = (
				563BB6DB28EA892700101AD2 /* CodeTrimmer.app */,
				56085B8428EB0BF800BFE6AB /* CodeTrimmerTests.xctest */,
			);
			name = Products;
			sourceTree = "<group>";
		};
		563BB6DD28EA892700101AD2 /* CodeTrimmer */ = {
			isa = PBXGroup;
			children = (
				56897D4F28EAA785007994E2 /* Credits.rtf */,
				563BB6DE28EA892700101AD2 /* CodeTrimmerApp.swift */,
				563BB6E028EA892700101AD2 /* ContentView.swift */,
				563BB6E228EA892800101AD2 /* Assets.xcassets */,
				563BB6E728EA892800101AD2 /* CodeTrimmer.entitlements */,
				563BB6E428EA892800101AD2 /* Preview Content */,
			);
			path = CodeTrimmer;
			sourceTree = "<group>";
		};
		563BB6E428EA892800101AD2 /* Preview Content */ = {
			isa = PBXGroup;
			children = (
				563BB6E528EA892800101AD2 /* Preview Assets.xcassets */,
			);
			path = "Preview Content";
			sourceTree = "<group>";
		};
/* End PBXGroup section */

/* Begin PBXNativeTarget section */
		56085B8328EB0BF800BFE6AB /* CodeTrimmerTests */ = {
			isa = PBXNativeTarget;
			buildConfigurationList = 56085B8A28EB0BF800BFE6AB /* Build configuration list for PBXNativeTarget "CodeTrimmerTests" */;
			buildPhases = (
				56085B8028EB0BF800BFE6AB /* Sources */,
				56085B8128EB0BF800BFE6AB /* Frameworks */,
				56085B8228EB0BF800BFE6AB /* Resources */,
			);
			buildRules = (
			);
			dependencies = (
				56085B8928EB0BF800BFE6AB /* PBXTargetDependency */,
			);
			name = CodeTrimmerTests;
			productName = CodeTrimmerTests;
			productReference = 56085B8428EB0BF800BFE6AB /* CodeTrimmerTests.xctest */;
			productType = "com.apple.product-type.bundle.unit-test";
		};
		563BB6DA28EA892700101AD2 /* CodeTrimmer */ = {
			isa = PBXNativeTarget;
			buildConfigurationList = 563BB6EA28EA892800101AD2 /* Build configuration list for PBXNativeTarget "CodeTrimmer" */;
			buildPhases = (
				563BB6D728EA892700101AD2 /* Sources */,
				563BB6D828EA892700101AD2 /* Frameworks */,
				563BB6D928EA892700101AD2 /* Resources */,
				56085B8D28EB8BB500BFE6AB /* ShellScript */,
			);
			buildRules = (
			);
			dependencies = (
			);
			name = CodeTrimmer;
			productName = CodeTrimmer;
			productReference = 563BB6DB28EA892700101AD2 /* CodeTrimmer.app */;
			productType = "com.apple.product-type.application";
		};
/* End PBXNativeTarget section */

/* Begin PBXProject section */
		563BB6D328EA892700101AD2 /* Project object */ = {
			isa = PBXProject;
			attributes = {
				BuildIndependentTargetsInParallel = 1;
				LastSwiftUpdateCheck = 1400;
				LastUpgradeCheck = 1400;
				TargetAttributes = {
					56085B8328EB0BF800BFE6AB = {
						CreatedOnToolsVersion = 14.0.1;
						TestTargetID = 563BB6DA28EA892700101AD2;
					};
					563BB6DA28EA892700101AD2 = {
						CreatedOnToolsVersion = 14.0.1;
					};
				};
			};
			buildConfigurationList = 563BB6D628EA892700101AD2 /* Build configuration list for PBXProject "CodeTrimmer" */;
			compatibilityVersion = "Xcode 14.0";
			developmentRegion = en;
			hasScannedForEncodings = 0;
			knownRegions = (
				en,
				Base,
			);
			mainGroup = 563BB6D228EA892700101AD2;
			productRefGroup = 563BB6DC28EA892700101AD2 /* Products */;
			projectDirPath = "";
			projectRoot = "";
			targets = (
				563BB6DA28EA892700101AD2 /* CodeTrimmer */,
				56085B8328EB0BF800BFE6AB /* CodeTrimmerTests */,
			);
		};
/* End PBXProject section */

/* Begin PBXResourcesBuildPhase section */
		56085B8228EB0BF800BFE6AB /* Resources */ = {
			isa = PBXResourcesBuildPhase;
			buildActionMask = 2147483647;
			files = (
			);
			runOnlyForDeploymentPostprocessing = 0;
		};
		563BB6D928EA892700101AD2 /* Resources */ = {
			isa = PBXResourcesBuildPhase;
			buildActionMask = 2147483647;
			files = (
				563BB6E628EA892800101AD2 /* Preview Assets.xcassets in Resources */,
				56897D5028EAA785007994E2 /* Credits.rtf in Resources */,
				563BB6E328EA892800101AD2 /* Assets.xcassets in Resources */,
			);
			runOnlyForDeploymentPostprocessing = 0;
		};
/* End PBXResourcesBuildPhase section */

/* Begin PBXShellScriptBuildPhase section */
		56085B8D28EB8BB500BFE6AB /* ShellScript */ = {
			isa = PBXShellScriptBuildPhase;
			alwaysOutOfDate = 1;
			buildActionMask = 2147483647;
			files = (
			);
			inputFileListPaths = (
			);
			inputPaths = (
			);
			outputFileListPaths = (
			);
			outputPaths = (
			);
			runOnlyForDeploymentPostprocessing = 0;
			shellPath = /bin/sh;
			shellScript = "if which swiftlint >/dev/null; then\n  swiftlint\nelse\n  echo \"warning: SwiftLint not installed, download from https://github.com/realm/SwiftLint\"\nfi\n";
		};
/* End PBXShellScriptBuildPhase section */

/* Begin PBXSourcesBuildPhase section */
		56085B8028EB0BF800BFE6AB /* Sources */ = {
			isa = PBXSourcesBuildPhase;
			buildActionMask = 2147483647;
			files = (
				56085B8728EB0BF800BFE6AB /* CodeTrimmerTests.swift in Sources */,
			);
			runOnlyForDeploymentPostprocessing = 0;
		};
		563BB6D728EA892700101AD2 /* Sources */ = {
			isa = PBXSourcesBuildPhase;
			buildActionMask = 2147483647;
			files = (
				563BB6E128EA892700101AD2 /* ContentView.swift in Sources */,
				563BB6DF28EA892700101AD2 /* CodeTrimmerApp.swift in Sources */,
			);
			runOnlyForDeploymentPostprocessing = 0;
		};
/* End PBXSourcesBuildPhase section */

/* Begin PBXTargetDependency section */
		56085B8928EB0BF800BFE6AB /* PBXTargetDependency */ = {
			isa = PBXTargetDependency;
			target = 563BB6DA28EA892700101AD2 /* CodeTrimmer */;
			targetProxy = 56085B8828EB0BF800BFE6AB /* PBXContainerItemProxy */;
		};
/* End PBXTargetDependency section */

/* Begin XCBuildConfiguration section */
		56085B8B28EB0BF800BFE6AB /* Debug */ = {
			isa = XCBuildConfiguration;
			buildSettings = {
				BUNDLE_LOADER = "$(TEST_HOST)";
				CODE_SIGN_STYLE = Automatic;
				CURRENT_PROJECT_VERSION = 1;
				DEVELOPMENT_TEAM = P7VLA3V334;
				GENERATE_INFOPLIST_FILE = YES;
				MARKETING_VERSION = 1.0;
				PRODUCT_BUNDLE_IDENTIFIER = "au.com.kulin-ian.CodeTrimmerTests";
				PRODUCT_NAME = "$(TARGET_NAME)";
				SWIFT_EMIT_LOC_STRINGS = NO;
				SWIFT_VERSION = 5.0;
				TEST_HOST = "$(BUILT_PRODUCTS_DIR)/CodeTrimmer.app/$(BUNDLE_EXECUTABLE_FOLDER_PATH)/CodeTrimmer";
			};
			name = Debug;
		};
		56085B8C28EB0BF800BFE6AB /* Release */ = {
			isa = XCBuildConfiguration;
			buildSettings = {
				BUNDLE_LOADER = "$(TEST_HOST)";
				CODE_SIGN_STYLE = Automatic;
				CURRENT_PROJECT_VERSION = 1;
				DEVELOPMENT_TEAM = P7VLA3V334;
				GENERATE_INFOPLIST_FILE = YES;
				MARKETING_VERSION = 1.0;
				PRODUCT_BUNDLE_IDENTIFIER = "au.com.kulin-ian.CodeTrimmerTests";
				PRODUCT_NAME = "$(TARGET_NAME)";
				SWIFT_EMIT_LOC_STRINGS = NO;
				SWIFT_VERSION = 5.0;
				TEST_HOST = "$(BUILT_PRODUCTS_DIR)/CodeTrimmer.app/$(BUNDLE_EXECUTABLE_FOLDER_PATH)/CodeTrimmer";
			};
			name = Release;
		};
		563BB6E828EA892800101AD2 /* Debug */ = {
			isa = XCBuildConfiguration;
			buildSettings = {
				ALWAYS_SEARCH_USER_PATHS = NO;
				CLANG_ANALYZER_NONNULL = YES;
				CLANG_ANALYZER_NUMBER_OBJECT_CONVERSION = YES_AGGRESSIVE;
				CLANG_CXX_LANGUAGE_STANDARD = "gnu++20";
				CLANG_ENABLE_MODULES = YES;
				CLANG_ENABLE_OBJC_ARC = YES;
				CLANG_ENABLE_OBJC_WEAK = YES;
				CLANG_WARN_BLOCK_CAPTURE_AUTORELEASING = YES;
				CLANG_WARN_BOOL_CONVERSION = YES;
				CLANG_WARN_COMMA = YES;
				CLANG_WARN_CONSTANT_CONVERSION = YES;
				CLANG_WARN_DEPRECATED_OBJC_IMPLEMENTATIONS = YES;
				CLANG_WARN_DIRECT_OBJC_ISA_USAGE = YES_ERROR;
				CLANG_WARN_DOCUMENTATION_COMMENTS = YES;
				CLANG_WARN_EMPTY_BODY = YES;
				CLANG_WARN_ENUM_CONVERSION = YES;
				CLANG_WARN_INFINITE_RECURSION = YES;
				CLANG_WARN_INT_CONVERSION = YES;
				CLANG_WARN_NON_LITERAL_NULL_CONVERSION = YES;
				CLANG_WARN_OBJC_IMPLICIT_RETAIN_SELF = YES;
				CLANG_WARN_OBJC_LITERAL_CONVERSION = YES;
				CLANG_WARN_OBJC_ROOT_CLASS = YES_ERROR;
				CLANG_WARN_QUOTED_INCLUDE_IN_FRAMEWORK_HEADER = YES;
				CLANG_WARN_RANGE_LOOP_ANALYSIS = YES;
				CLANG_WARN_STRICT_PROTOTYPES = YES;
				CLANG_WARN_SUSPICIOUS_MOVE = YES;
				CLANG_WARN_UNGUARDED_AVAILABILITY = YES_AGGRESSIVE;
				CLANG_WARN_UNREACHABLE_CODE = YES;
				CLANG_WARN__DUPLICATE_METHOD_MATCH = YES;
				COPY_PHASE_STRIP = NO;
				DEBUG_INFORMATION_FORMAT = dwarf;
				ENABLE_STRICT_OBJC_MSGSEND = YES;
				ENABLE_TESTABILITY = YES;
				GCC_C_LANGUAGE_STANDARD = gnu11;
				GCC_DYNAMIC_NO_PIC = NO;
				GCC_NO_COMMON_BLOCKS = YES;
				GCC_OPTIMIZATION_LEVEL = 0;
				GCC_PREPROCESSOR_DEFINITIONS = (
					"DEBUG=1",
					"$(inherited)",
				);
				GCC_WARN_64_TO_32_BIT_CONVERSION = YES;
				GCC_WARN_ABOUT_RETURN_TYPE = YES_ERROR;
				GCC_WARN_UNDECLARED_SELECTOR = YES;
				GCC_WARN_UNINITIALIZED_AUTOS = YES_AGGRESSIVE;
				GCC_WARN_UNUSED_FUNCTION = YES;
				GCC_WARN_UNUSED_VARIABLE = YES;
				MACOSX_DEPLOYMENT_TARGET = 12.3;
				MTL_ENABLE_DEBUG_INFO = INCLUDE_SOURCE;
				MTL_FAST_MATH = YES;
				ONLY_ACTIVE_ARCH = YES;
				SDKROOT = macosx;
				SWIFT_ACTIVE_COMPILATION_CONDITIONS = DEBUG;
				SWIFT_OPTIMIZATION_LEVEL = "-Onone";
			};
			name = Debug;
		};
		563BB6E928EA892800101AD2 /* Release */ = {
			isa = XCBuildConfiguration;
			buildSettings = {
				ALWAYS_SEARCH_USER_PATHS = NO;
				CLANG_ANALYZER_NONNULL = YES;
				CLANG_ANALYZER_NUMBER_OBJECT_CONVERSION = YES_AGGRESSIVE;
				CLANG_CXX_LANGUAGE_STANDARD = "gnu++20";
				CLANG_ENABLE_MODULES = YES;
				CLANG_ENABLE_OBJC_ARC = YES;
				CLANG_ENABLE_OBJC_WEAK = YES;
				CLANG_WARN_BLOCK_CAPTURE_AUTORELEASING = YES;
				CLANG_WARN_BOOL_CONVERSION = YES;
				CLANG_WARN_COMMA = YES;
				CLANG_WARN_CONSTANT_CONVERSION = YES;
				CLANG_WARN_DEPRECATED_OBJC_IMPLEMENTATIONS = YES;
				CLANG_WARN_DIRECT_OBJC_ISA_USAGE = YES_ERROR;
				CLANG_WARN_DOCUMENTATION_COMMENTS = YES;
				CLANG_WARN_EMPTY_BODY = YES;
				CLANG_WARN_ENUM_CONVERSION = YES;
				CLANG_WARN_INFINITE_RECURSION = YES;
				CLANG_WARN_INT_CONVERSION = YES;
				CLANG_WARN_NON_LITERAL_NULL_CONVERSION = YES;
				CLANG_WARN_OBJC_IMPLICIT_RETAIN_SELF = YES;
				CLANG_WARN_OBJC_LITERAL_CONVERSION = YES;
				CLANG_WARN_OBJC_ROOT_CLASS = YES_ERROR;
				CLANG_WARN_QUOTED_INCLUDE_IN_FRAMEWORK_HEADER = YES;
				CLANG_WARN_RANGE_LOOP_ANALYSIS = YES;
				CLANG_WARN_STRICT_PROTOTYPES = YES;
				CLANG_WARN_SUSPICIOUS_MOVE = YES;
				CLANG_WARN_UNGUARDED_AVAILABILITY = YES_AGGRESSIVE;
				CLANG_WARN_UNREACHABLE_CODE = YES;
				CLANG_WARN__DUPLICATE_METHOD_MATCH = YES;
				COPY_PHASE_STRIP = NO;
				DEBUG_INFORMATION_FORMAT = "dwarf-with-dsym";
				ENABLE_NS_ASSERTIONS = NO;
				ENABLE_STRICT_OBJC_MSGSEND = YES;
				GCC_C_LANGUAGE_STANDARD = gnu11;
				GCC_NO_COMMON_BLOCKS = YES;
				GCC_WARN_64_TO_32_BIT_CONVERSION = YES;
				GCC_WARN_ABOUT_RETURN_TYPE = YES_ERROR;
				GCC_WARN_UNDECLARED_SELECTOR = YES;
				GCC_WARN_UNINITIALIZED_AUTOS = YES_AGGRESSIVE;
				GCC_WARN_UNUSED_FUNCTION = YES;
				GCC_WARN_UNUSED_VARIABLE = YES;
				MACOSX_DEPLOYMENT_TARGET = 12.3;
				MTL_ENABLE_DEBUG_INFO = NO;
				MTL_FAST_MATH = YES;
				SDKROOT = macosx;
				SWIFT_COMPILATION_MODE = wholemodule;
				SWIFT_OPTIMIZATION_LEVEL = "-O";
			};
			name = Release;
		};
		563BB6EB28EA892800101AD2 /* Debug */ = {
			isa = XCBuildConfiguration;
			buildSettings = {
				ASSETCATALOG_COMPILER_APPICON_NAME = AppIcon;
				ASSETCATALOG_COMPILER_GLOBAL_ACCENT_COLOR_NAME = AccentColor;
				CODE_SIGN_ENTITLEMENTS = CodeTrimmer/CodeTrimmer.entitlements;
				CODE_SIGN_STYLE = Automatic;
				COMBINE_HIDPI_IMAGES = YES;
				CURRENT_PROJECT_VERSION = 1;
				DEVELOPMENT_ASSET_PATHS = "\"CodeTrimmer/Preview Content\"";
				DEVELOPMENT_TEAM = P7VLA3V334;
				ENABLE_HARDENED_RUNTIME = YES;
				ENABLE_PREVIEWS = YES;
				GENERATE_INFOPLIST_FILE = YES;
				INFOPLIST_KEY_CFBundleDisplayName = "Code Trimmer";
				INFOPLIST_KEY_LSApplicationCategoryType = "public.app-category.utilities";
				INFOPLIST_KEY_NSHumanReadableCopyright = "";
				LD_RUNPATH_SEARCH_PATHS = (
					"$(inherited)",
					"@executable_path/../Frameworks",
				);
				MACOSX_DEPLOYMENT_TARGET = 12.0;
				MARKETING_VERSION = 0.1;
				PRODUCT_BUNDLE_IDENTIFIER = "au.com.kulin-ian.CodeTrimmer";
				PRODUCT_NAME = "$(TARGET_NAME)";
				SWIFT_EMIT_LOC_STRINGS = YES;
				SWIFT_VERSION = 5.0;
			};
			name = Debug;
		};
		563BB6EC28EA892800101AD2 /* Release */ = {
			isa = XCBuildConfiguration;
			buildSettings = {
				ASSETCATALOG_COMPILER_APPICON_NAME = AppIcon;
				ASSETCATALOG_COMPILER_GLOBAL_ACCENT_COLOR_NAME = AccentColor;
				CODE_SIGN_ENTITLEMENTS = CodeTrimmer/CodeTrimmer.entitlements;
				CODE_SIGN_STYLE = Automatic;
				COMBINE_HIDPI_IMAGES = YES;
				CURRENT_PROJECT_VERSION = 1;
				DEVELOPMENT_ASSET_PATHS = "\"CodeTrimmer/Preview Content\"";
				DEVELOPMENT_TEAM = P7VLA3V334;
				ENABLE_HARDENED_RUNTIME = YES;
				ENABLE_PREVIEWS = YES;
				GENERATE_INFOPLIST_FILE = YES;
				INFOPLIST_KEY_CFBundleDisplayName = "Code Trimmer";
				INFOPLIST_KEY_LSApplicationCategoryType = "public.app-category.utilities";
				INFOPLIST_KEY_NSHumanReadableCopyright = "";
				LD_RUNPATH_SEARCH_PATHS = (
					"$(inherited)",
					"@executable_path/../Frameworks",
				);
				MACOSX_DEPLOYMENT_TARGET = 12.0;
				MARKETING_VERSION = 0.1;
				PRODUCT_BUNDLE_IDENTIFIER = "au.com.kulin-ian.CodeTrimmer";
				PRODUCT_NAME = "$(TARGET_NAME)";
				SWIFT_EMIT_LOC_STRINGS = YES;
				SWIFT_VERSION = 5.0;
			};
			name = Release;
		};
/* End XCBuildConfiguration section */

/* Begin XCConfigurationList section */
		56085B8A28EB0BF800BFE6AB /* Build configuration list for PBXNativeTarget "CodeTrimmerTests" */ = {
			isa = XCConfigurationList;
			buildConfigurations = (
				56085B8B28EB0BF800BFE6AB /* Debug */,
				56085B8C28EB0BF800BFE6AB /* Release */,
			);
			defaultConfigurationIsVisible = 0;
			defaultConfigurationName = Release;
		};
		563BB6D628EA892700101AD2 /* Build configuration list for PBXProject "CodeTrimmer" */ = {
			isa = XCConfigurationList;
			buildConfigurations = (
				563BB6E828EA892800101AD2 /* Debug */,
				563BB6E928EA892800101AD2 /* Release */,
			);
			defaultConfigurationIsVisible = 0;
			defaultConfigurationName = Release;
		};
		563BB6EA28EA892800101AD2 /* Build configuration list for PBXNativeTarget "CodeTrimmer" */ = {
			isa = XCConfigurationList;
			buildConfigurations = (
				563BB6EB28EA892800101AD2 /* Debug */,
				563BB6EC28EA892800101AD2 /* Release */,
			);
			defaultConfigurationIsVisible = 0;
			defaultConfigurationName = Release;
		};
/* End XCConfigurationList section */
	};
	rootObject = 563BB6D328EA892700101AD2 /* Project object */;
}
